
Microsoft Visual Studio Solution File, Format Version 12.00
# Visual Studio Version 17
VisualStudioVersion = 17.13.35913.81
MinimumVisualStudioVersion = 10.0.40219.1
Project("{FAE04EC0-301F-11D3-BF4B-00C04F79EFBC}") = "MiniMarket.API", "MiniMarket.API\MiniMarket.API.csproj", "{BE1BD29F-7992-4C06-A9C7-F74BBC670CF2}"
EndProject
Project("{FAE04EC0-301F-11D3-BF4B-00C04F79EFBC}") = "MiniMarket.BLL", "MiniMarket.BLL\MiniMarket.BLL.csproj", "{9A5924EC-B62E-4892-9E3A-118F43925F0F}"
EndProject
Project("{FAE04EC0-301F-11D3-BF4B-00C04F79EFBC}") = "MiniMarket.DAL", "MiniMarket.DAL\MiniMarket.DAL.csproj", "{28C86C12-EA30-46D9-A814-A832FFE970A6}"
EndProject
Project("{FAE04EC0-301F-11D3-BF4B-00C04F79EFBC}") = "MiniMarket.Domain", "MiniMarket.Domain\MiniMarket.Domain.csproj", "{555C7540-001E-4F59-A00E-56A1D72670CE}"
EndProject
Project("{FAE04EC0-301F-11D3-BF4B-00C04F79EFBC}") = "MiniMarket.API.Test", "MiniMarket.API.Test\MiniMarket.API.Test.csproj", "{A24E9A7B-FE9C-44AA-8885-A09E3A00E731}"
EndProject
Project("{FAE04EC0-301F-11D3-BF4B-00C04F79EFBC}") = "MiniMarket.BLL.Test", "MiniMarket.BLL.Test\MiniMarket.BLL.Test.csproj", "{BECB714F-0D08-4FBB-AD5A-55DBB6DC6170}"
EndProject
Global
	GlobalSection(SolutionConfigurationPlatforms) = preSolution
		Debug|Any CPU = Debug|Any CPU
		Release|Any CPU = Release|Any CPU
	EndGlobalSection
	GlobalSection(ProjectConfigurationPlatforms) = postSolution
		{BE1BD29F-7992-4C06-A9C7-F74BBC670CF2}.Debug|Any CPU.ActiveCfg = Debug|Any CPU
		{BE1BD29F-7992-4C06-A9C7-F74BBC670CF2}.Debug|Any CPU.Build.0 = Debug|Any CPU
		{BE1BD29F-7992-4C06-A9C7-F74BBC670CF2}.Release|Any CPU.ActiveCfg = Release|Any CPU
		{BE1BD29F-7992-4C06-A9C7-F74BBC670CF2}.Release|Any CPU.Build.0 = Release|Any CPU
		{9A5924EC-B62E-4892-9E3A-118F43925F0F}.Debug|Any CPU.ActiveCfg = Debug|Any CPU
		{9A5924EC-B62E-4892-9E3A-118F43925F0F}.Debug|Any CPU.Build.0 = Debug|Any CPU
		{9A5924EC-B62E-4892-9E3A-118F43925F0F}.Release|Any CPU.ActiveCfg = Release|Any CPU
		{9A5924EC-B62E-4892-9E3A-118F43925F0F}.Release|Any CPU.Build.0 = Release|Any CPU
		{28C86C12-EA30-46D9-A814-A832FFE970A6}.Debug|Any CPU.ActiveCfg = Debug|Any CPU
		{28C86C12-EA30-46D9-A814-A832FFE970A6}.Debug|Any CPU.Build.0 = Debug|Any CPU
		{28C86C12-EA30-46D9-A814-A832FFE970A6}.Release|Any CPU.ActiveCfg = Release|Any CPU
		{28C86C12-EA30-46D9-A814-A832FFE970A6}.Release|Any CPU.Build.0 = Release|Any CPU
		{555C7540-001E-4F59-A00E-56A1D72670CE}.Debug|Any CPU.ActiveCfg = Debug|Any CPU
		{555C7540-001E-4F59-A00E-56A1D72670CE}.Debug|Any CPU.Build.0 = Debug|Any CPU
		{555C7540-001E-4F59-A00E-56A1D72670CE}.Release|Any CPU.ActiveCfg = Release|Any CPU
		{555C7540-001E-4F59-A00E-56A1D72670CE}.Release|Any CPU.Build.0 = Release|Any CPU
		{A24E9A7B-FE9C-44AA-8885-A09E3A00E731}.Debug|Any CPU.ActiveCfg = Debug|Any CPU
		{A24E9A7B-FE9C-44AA-8885-A09E3A00E731}.Debug|Any CPU.Build.0 = Debug|Any CPU
		{A24E9A7B-FE9C-44AA-8885-A09E3A00E731}.Release|Any CPU.ActiveCfg = Release|Any CPU
		{A24E9A7B-FE9C-44AA-8885-A09E3A00E731}.Release|Any CPU.Build.0 = Release|Any CPU
		{BECB714F-0D08-4FBB-AD5A-55DBB6DC6170}.Debug|Any CPU.ActiveCfg = Debug|Any CPU
		{BECB714F-0D08-4FBB-AD5A-55DBB6DC6170}.Debug|Any CPU.Build.0 = Debug|Any CPU
		{BECB714F-0D08-4FBB-AD5A-55DBB6DC6170}.Release|Any CPU.ActiveCfg = Release|Any CPU
		{BECB714F-0D08-4FBB-AD5A-55DBB6DC6170}.Release|Any CPU.Build.0 = Release|Any CPU
	EndGlobalSection
	GlobalSection(SolutionProperties) = preSolution
		HideSolutionNode = FALSE
	EndGlobalSection
	GlobalSection(ExtensibilityGlobals) = postSolution
		SolutionGuid = {596482FD-F9BD-4C64-922B-89AE7ECAED41}
	EndGlobalSection
EndGlobal
